{
  "nodes": {
    "check-suite": {
      "inputs": {
        "flake-utils": "flake-utils",
        "nixpkgs": "nixpkgs",
        "semver": "semver"
      },
      "locked": {
        "lastModified": 1713445390,
        "narHash": "sha256-C07mV6quzh38csrYShpouW2YpR2JbjIOt8w8PGfzm54=",
        "owner": "cynerd",
        "repo": "check-suite",
        "rev": "a47e38f17c249efeb7819d61d98b2b0c91bde205",
        "type": "github"
      },
      "original": {
        "owner": "cynerd",
        "repo": "check-suite",
        "type": "github"
      }
    },
    "flake-tests": {
      "locked": {
        "lastModified": 1677844186,
        "narHash": "sha256-ErJZ/Gs1rxh561CJeWP5bohA2IcTq1rDneu1WT6CVII=",
        "owner": "antifuchs",
        "repo": "nix-flake-tests",
        "rev": "bbd9216bd0f6495bb961a8eb8392b7ef55c67afb",
        "type": "github"
      },
      "original": {
        "owner": "antifuchs",
        "repo": "nix-flake-tests",
        "type": "github"
      }
    },
    "flake-tests_2": {
      "locked": {
        "lastModified": 1677844186,
        "narHash": "sha256-ErJZ/Gs1rxh561CJeWP5bohA2IcTq1rDneu1WT6CVII=",
        "owner": "antifuchs",
        "repo": "nix-flake-tests",
        "rev": "bbd9216bd0f6495bb961a8eb8392b7ef55c67afb",
        "type": "github"
      },
      "original": {
        "owner": "antifuchs",
        "repo": "nix-flake-tests",
        "type": "github"
      }
    },
    "flake-utils": {
      "inputs": {
        "systems": "systems"
      },
      "locked": {
        "lastModified": 1710146030,
        "narHash": "sha256-SZ5L6eA7HJ/nmkzGG7/ISclqe6oZdOZTNoesiInkXPQ=",
        "owner": "numtide",
        "repo": "flake-utils",
        "rev": "b1d9ab70662946ef0850d488da1c9019f3a9752a",
        "type": "github"
      },
      "original": {
        "id": "flake-utils",
        "type": "indirect"
      }
    },
    "flake-utils_2": {
      "inputs": {
        "systems": "systems_2"
      },
      "locked": {
        "lastModified": 1701680307,
        "narHash": "sha256-kAuep2h5ajznlPMD9rnQyffWG8EM/C73lejGofXvdM8=",
        "owner": "numtide",
        "repo": "flake-utils",
        "rev": "4022d587cbbfd70fe950c1e2083a02621806a725",
        "type": "github"
      },
      "original": {
        "id": "flake-utils",
        "type": "indirect"
      }
    },
    "flake-utils_3": {
      "inputs": {
        "systems": "systems_3"
      },
      "locked": {
        "lastModified": 1710146030,
        "narHash": "sha256-SZ5L6eA7HJ/nmkzGG7/ISclqe6oZdOZTNoesiInkXPQ=",
        "owner": "numtide",
        "repo": "flake-utils",
        "rev": "b1d9ab70662946ef0850d488da1c9019f3a9752a",
        "type": "github"
      },
      "original": {
        "id": "flake-utils",
        "type": "indirect"
      }
    },
    "flake-utils_4": {
      "inputs": {
        "systems": "systems_4"
      },
      "locked": {
        "lastModified": 1710146030,
        "narHash": "sha256-SZ5L6eA7HJ/nmkzGG7/ISclqe6oZdOZTNoesiInkXPQ=",
        "owner": "numtide",
        "repo": "flake-utils",
        "rev": "b1d9ab70662946ef0850d488da1c9019f3a9752a",
        "type": "github"
      },
      "original": {
        "id": "flake-utils",
        "type": "indirect"
      }
    },
    "flake-utils_5": {
      "inputs": {
        "systems": "systems_5"
      },
      "locked": {
        "lastModified": 1710146030,
        "narHash": "sha256-SZ5L6eA7HJ/nmkzGG7/ISclqe6oZdOZTNoesiInkXPQ=",
        "owner": "numtide",
        "repo": "flake-utils",
        "rev": "b1d9ab70662946ef0850d488da1c9019f3a9752a",
        "type": "github"
      },
      "original": {
        "id": "flake-utils",
        "type": "indirect"
      }
    },
    "flake-utils_6": {
      "inputs": {
        "systems": "systems_6"
      },
      "locked": {
        "lastModified": 1709126324,
        "narHash": "sha256-q6EQdSeUZOG26WelxqkmR7kArjgWCdw5sfJVHPH/7j8=",
        "owner": "numtide",
        "repo": "flake-utils",
        "rev": "d465f4819400de7c8d874d50b982301f28a84605",
        "type": "github"
      },
      "original": {
        "id": "flake-utils",
        "type": "indirect"
      }
    },
    "flake-utils_7": {
      "inputs": {
        "systems": "systems_7"
      },
      "locked": {
        "lastModified": 1701680307,
        "narHash": "sha256-kAuep2h5ajznlPMD9rnQyffWG8EM/C73lejGofXvdM8=",
        "owner": "numtide",
        "repo": "flake-utils",
        "rev": "4022d587cbbfd70fe950c1e2083a02621806a725",
        "type": "github"
      },
      "original": {
        "id": "flake-utils",
        "type": "indirect"
      }
    },
    "libshv": {
      "inputs": {
        "flake-utils": "flake-utils_5",
        "necrolog": "necrolog",
        "nixpkgs": "nixpkgs_5"
      },
      "locked": {
        "lastModified": 1712665496,
        "narHash": "sha256-3uJPmbzLwkR2V8J9RLgRZEPwQsRPwxHuUXh6Psa7gWM=",
        "owner": "silicon-heaven",
        "repo": "libshv",
        "rev": "ff125e7652cbc36ad238061217608bb5d10f44a0",
        "type": "github"
      },
      "original": {
        "owner": "silicon-heaven",
        "repo": "libshv",
        "type": "github"
      }
    },
    "necrolog": {
      "inputs": {
        "flake-utils": "flake-utils_6",
        "nixpkgs": "nixpkgs_4"
      },
      "locked": {
        "lastModified": 1710239929,
        "narHash": "sha256-Sy7absZtICGCYJkBV1/4wpI72743WgDHaMLJk7BhmLQ=",
        "owner": "fvacek",
        "repo": "necrolog",
        "rev": "87ed76143e10a5d07d881795eac11a1429a09012",
        "type": "github"
      },
      "original": {
        "owner": "fvacek",
        "repo": "necrolog",
        "type": "github"
      }
    },
    "nixpkgs": {
      "locked": {
        "lastModified": 1713284584,
        "narHash": "sha256-rRuPBJD9+yjz7tY3xC/BvFUwloutynR9piiVE6fhGqo=",
        "owner": "NixOS",
        "repo": "nixpkgs",
        "rev": "2b6ee326ad047870526d9a3ae88dfd0197da898d",
        "type": "github"
      },
      "original": {
        "id": "nixpkgs",
        "type": "indirect"
      }
    },
    "nixpkgs_2": {
      "locked": {
        "lastModified": 1701626906,
        "narHash": "sha256-ugr1QyzzwNk505ICE4VMQzonHQ9QS5W33xF2FXzFQ00=",
        "owner": "NixOS",
        "repo": "nixpkgs",
        "rev": "0c6d8c783336a59f4c59d4a6daed6ab269c4b361",
        "type": "github"
      },
      "original": {
        "id": "nixpkgs",
        "type": "indirect"
      }
    },
    "nixpkgs_3": {
      "locked": {
        "lastModified": 1715653339,
        "narHash": "sha256-7lR9tpVXviSccl07GXI0+ve/natd24HAkuy1sQp0OlI=",
        "owner": "NixOS",
        "repo": "nixpkgs",
        "rev": "abd6d48f8c77bea7dc51beb2adfa6ed3950d2585",
        "type": "github"
      },
      "original": {
        "id": "nixpkgs",
        "type": "indirect"
      }
    },
    "nixpkgs_4": {
      "locked": {
        "lastModified": 1709780214,
        "narHash": "sha256-p4iDKdveHMhfGAlpxmkCtfQO3WRzmlD11aIcThwPqhk=",
        "owner": "NixOS",
        "repo": "nixpkgs",
        "rev": "f945939fd679284d736112d3d5410eb867f3b31c",
        "type": "github"
      },
      "original": {
        "id": "nixpkgs",
        "type": "indirect"
      }
    },
    "nixpkgs_5": {
      "locked": {
        "lastModified": 1710222005,
        "narHash": "sha256-irXySffHz7b82dZIme6peyAu+8tTJr1zyxcfUPhqUrg=",
        "owner": "NixOS",
        "repo": "nixpkgs",
        "rev": "9a9a7552431c4f1a3b2eee9398641babf7c30d0e",
        "type": "github"
      },
      "original": {
        "id": "nixpkgs",
        "type": "indirect"
      }
    },
    "nixpkgs_6": {
      "locked": {
        "lastModified": 1712604496,
        "narHash": "sha256-Ye1R+k60uo0B3mn5xwsgb0PzceSg9y0E2OMYQnizLD0=",
        "owner": "NixOS",
        "repo": "nixpkgs",
        "rev": "ed6db4c403cc2fc4924d24e1a2a2f148c6152620",
        "type": "github"
      },
      "original": {
        "id": "nixpkgs",
        "type": "indirect"
      }
    },
    "nixpkgs_7": {
      "locked": {
        "lastModified": 1701626906,
        "narHash": "sha256-ugr1QyzzwNk505ICE4VMQzonHQ9QS5W33xF2FXzFQ00=",
        "owner": "NixOS",
        "repo": "nixpkgs",
        "rev": "0c6d8c783336a59f4c59d4a6daed6ab269c4b361",
        "type": "github"
      },
      "original": {
        "id": "nixpkgs",
        "type": "indirect"
      }
    },
    "pyshv": {
      "inputs": {
        "flake-utils": "flake-utils_4",
        "libshv": "libshv",
        "nixpkgs": "nixpkgs_6"
      },
      "locked": {
        "lastModified": 1712917430,
        "narHash": "sha256-A5xWJulswSnmN6kL05rhLMNcfgIxEu6DE+/jVpY/gEI=",
        "ref": "refs/heads/master",
        "rev": "8a1da8c1d3ebc8070aaf4bc88f00fe598be55f17",
        "revCount": 223,
        "type": "git",
        "url": "https://gitlab.com/silicon-heaven/pyshv.git"
      },
      "original": {
        "type": "git",
        "url": "https://gitlab.com/silicon-heaven/pyshv.git"
      }
    },
    "root": {
      "inputs": {
        "check-suite": "check-suite",
        "flake-utils": "flake-utils_3",
        "nixpkgs": "nixpkgs_3",
        "pyshv": "pyshv",
        "semver": "semver_2"
      }
    },
    "semver": {
      "inputs": {
        "flake-tests": "flake-tests",
        "flake-utils": "flake-utils_2",
        "nixpkgs": "nixpkgs_2"
      },
      "locked": {
        "lastModified": 1701860611,
        "narHash": "sha256-NLdy8rFfMccg8No8WloIy1YknwPpS31H6fFBpthzUuQ=",
        "owner": "cynerd",
        "repo": "nixsemver",
        "rev": "fbd83bd2f26c179d1c317efe5eed3bb2c79a792c",
        "type": "gitlab"
      },
      "original": {
        "owner": "cynerd",
        "repo": "nixsemver",
        "type": "gitlab"
      }
    },
    "semver_2": {
      "inputs": {
        "flake-tests": "flake-tests_2",
        "flake-utils": "flake-utils_7",
        "nixpkgs": "nixpkgs_7"
      },
      "locked": {
        "lastModified": 1701860611,
        "narHash": "sha256-NLdy8rFfMccg8No8WloIy1YknwPpS31H6fFBpthzUuQ=",
        "owner": "cynerd",
        "repo": "nixsemver",
        "rev": "fbd83bd2f26c179d1c317efe5eed3bb2c79a792c",
        "type": "github"
      },
      "original": {
        "owner": "cynerd",
        "repo": "nixsemver",
        "type": "github"
      }
    },
    "systems": {
      "locked": {
        "lastModified": 1681028828,
        "narHash": "sha256-Vy1rq5AaRuLzOxct8nz4T6wlgyUR7zLU309k9mBC768=",
        "owner": "nix-systems",
        "repo": "default",
        "rev": "da67096a3b9bf56a91d16901293e51ba5b49a27e",
        "type": "github"
      },
      "original": {
        "owner": "nix-systems",
        "repo": "default",
        "type": "github"
      }
    },
    "systems_2": {
      "locked": {
        "lastModified": 1681028828,
        "narHash": "sha256-Vy1rq5AaRuLzOxct8nz4T6wlgyUR7zLU309k9mBC768=",
        "owner": "nix-systems",
        "repo": "default",
        "rev": "da67096a3b9bf56a91d16901293e51ba5b49a27e",
        "type": "github"
      },
      "original": {
        "owner": "nix-systems",
        "repo": "default",
        "type": "github"
      }
    },
    "systems_3": {
      "locked": {
        "lastModified": 1681028828,
        "narHash": "sha256-Vy1rq5AaRuLzOxct8nz4T6wlgyUR7zLU309k9mBC768=",
        "owner": "nix-systems",
        "repo": "default",
        "rev": "da67096a3b9bf56a91d16901293e51ba5b49a27e",
        "type": "github"
      },
      "original": {
        "owner": "nix-systems",
        "repo": "default",
        "type": "github"
      }
    },
    "systems_4": {
      "locked": {
        "lastModified": 1681028828,
        "narHash": "sha256-Vy1rq5AaRuLzOxct8nz4T6wlgyUR7zLU309k9mBC768=",
        "owner": "nix-systems",
        "repo": "default",
        "rev": "da67096a3b9bf56a91d16901293e51ba5b49a27e",
        "type": "github"
      },
      "original": {
        "owner": "nix-systems",
        "repo": "default",
        "type": "github"
      }
    },
    "systems_5": {
      "locked": {
        "lastModified": 1681028828,
        "narHash": "sha256-Vy1rq5AaRuLzOxct8nz4T6wlgyUR7zLU309k9mBC768=",
        "owner": "nix-systems",
        "repo": "default",
        "rev": "da67096a3b9bf56a91d16901293e51ba5b49a27e",
        "type": "github"
      },
      "original": {
        "owner": "nix-systems",
        "repo": "default",
        "type": "github"
      }
    },
    "systems_6": {
      "locked": {
        "lastModified": 1681028828,
        "narHash": "sha256-Vy1rq5AaRuLzOxct8nz4T6wlgyUR7zLU309k9mBC768=",
        "owner": "nix-systems",
        "repo": "default",
        "rev": "da67096a3b9bf56a91d16901293e51ba5b49a27e",
        "type": "github"
      },
      "original": {
        "owner": "nix-systems",
        "repo": "default",
        "type": "github"
      }
    },
    "systems_7": {
      "locked": {
        "lastModified": 1681028828,
        "narHash": "sha256-Vy1rq5AaRuLzOxct8nz4T6wlgyUR7zLU309k9mBC768=",
        "owner": "nix-systems",
        "repo": "default",
        "rev": "da67096a3b9bf56a91d16901293e51ba5b49a27e",
        "type": "github"
      },
      "original": {
        "owner": "nix-systems",
        "repo": "default",
        "type": "github"
      }
    }
  },
  "root": "root",
  "version": 7
}
