{
  "nodes": {
    "check-suite": {
      "inputs": {
        "flake-utils": "flake-utils",
        "nixpkgs": "nixpkgs"
      },
      "locked": {
        "lastModified": 1673015600,
        "narHash": "sha256-DGX8jl93N5pa7vYHPKzgY6i0DxVZ7kXIUVrTkl7nCx4=",
        "owner": "cynerd",
        "repo": "check-suite",
        "rev": "f53dcdf9a4e1df650915582caf6728cfa9d0ec3e",
        "type": "github"
      },
      "original": {
        "owner": "cynerd",
        "ref": "v1.0.1",
        "repo": "check-suite",
        "type": "github"
      }
    },
    "flake-utils": {
      "locked": {
        "lastModified": 1667395993,
        "narHash": "sha256-nuEHfE/LcWyuSWnS8t12N1wc105Qtau+/OdUAjtQ0rA=",
        "owner": "numtide",
        "repo": "flake-utils",
        "rev": "5aed5285a952e0b949eb3ba02c12fa4fcfef535f",
        "type": "github"
      },
      "original": {
        "id": "flake-utils",
        "type": "indirect"
      }
    },
    "flake-utils_2": {
      "locked": {
        "lastModified": 1676283394,
        "narHash": "sha256-XX2f9c3iySLCw54rJ/CZs+ZK6IQy7GXNY4nSOyu2QG4=",
        "owner": "numtide",
        "repo": "flake-utils",
        "rev": "3db36a8b464d0c4532ba1c7dda728f4576d6d073",
        "type": "github"
      },
      "original": {
        "id": "flake-utils",
        "type": "indirect"
      }
    },
    "nixpkgs": {
      "locked": {
        "lastModified": 1670148586,
        "narHash": "sha256-EcDfOiTHs0UBAtyGc0wxJJdhcMjrJEgWXjJutxZGA3E=",
        "owner": "NixOS",
        "repo": "nixpkgs",
        "rev": "a2d2f70b82ada0eadbcb1df2bca32d841a3c1bf1",
        "type": "github"
      },
      "original": {
        "id": "nixpkgs",
        "type": "indirect"
      }
    },
    "nixpkgs_2": {
      "locked": {
        "lastModified": 1676549890,
        "narHash": "sha256-sq/WcOEAl7gWrrfGkWdnyYazRyTf+enEim/o6LOQzI8=",
        "owner": "NixOS",
        "repo": "nixpkgs",
        "rev": "8c66bd1b68f4708c90dcc97c6f7052a5a7b33257",
        "type": "github"
      },
      "original": {
        "id": "nixpkgs",
        "type": "indirect"
      }
    },
    "root": {
      "inputs": {
        "check-suite": "check-suite",
        "flake-utils": "flake-utils_2",
        "nixpkgs": "nixpkgs_2"
      }
    }
  },
  "root": "root",
  "version": 7
}
